
Microsoft Visual Studio Solution File, Format Version 11.00
# Visual Studio 2010
Project("{FAE04EC0-301F-11D3-BF4B-00C04F79EFBC}") = "Touch Escape", "Assembly-CSharp.csproj", "{149213FC-12F4-E0E2-391C-0181BC47DD13}"
EndProject
Project("{FAE04EC0-301F-11D3-BF4B-00C04F79EFBC}") = "Touch Escape", "Assembly-CSharp-Editor.csproj", "{3C46E93E-9C92-5FA5-C54F-EB29C28C9B91}"
EndProject
Global
	GlobalSection(SolutionConfigurationPlatforms) = preSolution
		Debug|Any CPU = Debug|Any CPU
		Release|Any CPU = Release|Any CPU
	EndGlobalSection
	GlobalSection(ProjectConfigurationPlatforms) = postSolution
		{149213FC-12F4-E0E2-391C-0181BC47DD13}.Debug|Any CPU.ActiveCfg = Debug|Any CPU
		{149213FC-12F4-E0E2-391C-0181BC47DD13}.Debug|Any CPU.Build.0 = Debug|Any CPU
		{149213FC-12F4-E0E2-391C-0181BC47DD13}.Release|Any CPU.ActiveCfg = Release|Any CPU
		{149213FC-12F4-E0E2-391C-0181BC47DD13}.Release|Any CPU.Build.0 = Release|Any CPU
		{3C46E93E-9C92-5FA5-C54F-EB29C28C9B91}.Debug|Any CPU.ActiveCfg = Debug|Any CPU
		{3C46E93E-9C92-5FA5-C54F-EB29C28C9B91}.Debug|Any CPU.Build.0 = Debug|Any CPU
		{3C46E93E-9C92-5FA5-C54F-EB29C28C9B91}.Release|Any CPU.ActiveCfg = Release|Any CPU
		{3C46E93E-9C92-5FA5-C54F-EB29C28C9B91}.Release|Any CPU.Build.0 = Release|Any CPU
	EndGlobalSection
	GlobalSection(SolutionProperties) = preSolution
		HideSolutionNode = FALSE
	EndGlobalSection
	GlobalSection(MonoDevelopProperties) = preSolution
		StartupItem = Assembly-CSharp.csproj
	EndGlobalSection
EndGlobal
